
Microsoft Visual Studio Solution File, Format Version 12.00
# Visual Studio Version 17
VisualStudioVersion = 17.2.32616.157
MinimumVisualStudioVersion = 10.0.40219.1
Project("{FAE04EC0-301F-11D3-BF4B-00C04F79EFBC}") = "FlarentApp", "FlarentApp\FlarentApp.csproj", "{BABA8E8D-5443-4FD2-80CA-06C46D6F59A3}"
EndProject
Project("{9A19103F-16F7-4668-BE54-9A1E7A4F7556}") = "FlarentApp.Core", "FlarentApp.Core\FlarentApp.Core.csproj", "{4C2E412B-DEBB-4BDD-A72F-AC42CCA39E96}"
EndProject
Project("{9A19103F-16F7-4668-BE54-9A1E7A4F7556}") = "FlarumApi", "FlarumApi\FlarumApi\FlarumApi.csproj", "{091A8819-F104-462A-B04F-03FB1097BA47}"
EndProject
Project("{FAE04EC0-301F-11D3-BF4B-00C04F79EFBC}") = "RichTextControls", "RichTextControls\RichTextControls.csproj", "{E3BD6F6F-B39E-4180-8182-DFE85C780BF4}"
EndProject
Project("{FAE04EC0-301F-11D3-BF4B-00C04F79EFBC}") = "Tasks", "Tasks\Tasks.csproj", "{64D84C2C-20E6-48BA-95EB-7529D29E2184}"
EndProject
Project("{FAE04EC0-301F-11D3-BF4B-00C04F79EFBC}") = "Shared", "Shared\Shared.csproj", "{3D316B48-4D76-42BD-A5FA-371FB7113E95}"
EndProject
Global
	GlobalSection(SolutionConfigurationPlatforms) = preSolution
		Debug|Any CPU = Debug|Any CPU
		Debug|ARM = Debug|ARM
		Debug|ARM64 = Debug|ARM64
		Debug|x64 = Debug|x64
		Debug|x86 = Debug|x86
		Release|Any CPU = Release|Any CPU
		Release|ARM = Release|ARM
		Release|ARM64 = Release|ARM64
		Release|x64 = Release|x64
		Release|x86 = Release|x86
	EndGlobalSection
	GlobalSection(ProjectConfigurationPlatforms) = postSolution
		{BABA8E8D-5443-4FD2-80CA-06C46D6F59A3}.Debug|Any CPU.ActiveCfg = Debug|x64
		{BABA8E8D-5443-4FD2-80CA-06C46D6F59A3}.Debug|Any CPU.Build.0 = Debug|x64
		{BABA8E8D-5443-4FD2-80CA-06C46D6F59A3}.Debug|Any CPU.Deploy.0 = Debug|x64
		{BABA8E8D-5443-4FD2-80CA-06C46D6F59A3}.Debug|ARM.ActiveCfg = Debug|ARM
		{BABA8E8D-5443-4FD2-80CA-06C46D6F59A3}.Debug|ARM.Build.0 = Debug|ARM
		{BABA8E8D-5443-4FD2-80CA-06C46D6F59A3}.Debug|ARM.Deploy.0 = Debug|ARM
		{BABA8E8D-5443-4FD2-80CA-06C46D6F59A3}.Debug|ARM64.ActiveCfg = Debug|ARM64
		{BABA8E8D-5443-4FD2-80CA-06C46D6F59A3}.Debug|ARM64.Build.0 = Debug|ARM64
		{BABA8E8D-5443-4FD2-80CA-06C46D6F59A3}.Debug|ARM64.Deploy.0 = Debug|ARM64
		{BABA8E8D-5443-4FD2-80CA-06C46D6F59A3}.Debug|x64.ActiveCfg = Debug|x64
		{BABA8E8D-5443-4FD2-80CA-06C46D6F59A3}.Debug|x64.Build.0 = Debug|x64
		{BABA8E8D-5443-4FD2-80CA-06C46D6F59A3}.Debug|x64.Deploy.0 = Debug|x64
		{BABA8E8D-5443-4FD2-80CA-06C46D6F59A3}.Debug|x86.ActiveCfg = Debug|x86
		{BABA8E8D-5443-4FD2-80CA-06C46D6F59A3}.Debug|x86.Build.0 = Debug|x86
		{BABA8E8D-5443-4FD2-80CA-06C46D6F59A3}.Debug|x86.Deploy.0 = Debug|x86
		{BABA8E8D-5443-4FD2-80CA-06C46D6F59A3}.Release|Any CPU.ActiveCfg = Release|x64
		{BABA8E8D-5443-4FD2-80CA-06C46D6F59A3}.Release|Any CPU.Build.0 = Release|x64
		{BABA8E8D-5443-4FD2-80CA-06C46D6F59A3}.Release|Any CPU.Deploy.0 = Release|x64
		{BABA8E8D-5443-4FD2-80CA-06C46D6F59A3}.Release|ARM.ActiveCfg = Release|ARM
		{BABA8E8D-5443-4FD2-80CA-06C46D6F59A3}.Release|ARM.Build.0 = Release|ARM
		{BABA8E8D-5443-4FD2-80CA-06C46D6F59A3}.Release|ARM.Deploy.0 = Release|ARM
		{BABA8E8D-5443-4FD2-80CA-06C46D6F59A3}.Release|ARM64.ActiveCfg = Release|ARM64
		{BABA8E8D-5443-4FD2-80CA-06C46D6F59A3}.Release|ARM64.Build.0 = Release|ARM64
		{BABA8E8D-5443-4FD2-80CA-06C46D6F59A3}.Release|ARM64.Deploy.0 = Release|ARM64
		{BABA8E8D-5443-4FD2-80CA-06C46D6F59A3}.Release|x64.ActiveCfg = Release|x64
		{BABA8E8D-5443-4FD2-80CA-06C46D6F59A3}.Release|x64.Build.0 = Release|x64
		{BABA8E8D-5443-4FD2-80CA-06C46D6F59A3}.Release|x64.Deploy.0 = Release|x64
		{BABA8E8D-5443-4FD2-80CA-06C46D6F59A3}.Release|x86.ActiveCfg = Release|x86
		{BABA8E8D-5443-4FD2-80CA-06C46D6F59A3}.Release|x86.Build.0 = Release|x86
		{BABA8E8D-5443-4FD2-80CA-06C46D6F59A3}.Release|x86.Deploy.0 = Release|x86
		{4C2E412B-DEBB-4BDD-A72F-AC42CCA39E96}.Debug|Any CPU.ActiveCfg = Debug|Any CPU
		{4C2E412B-DEBB-4BDD-A72F-AC42CCA39E96}.Debug|Any CPU.Build.0 = Debug|Any CPU
		{4C2E412B-DEBB-4BDD-A72F-AC42CCA39E96}.Debug|ARM.ActiveCfg = Debug|Any CPU
		{4C2E412B-DEBB-4BDD-A72F-AC42CCA39E96}.Debug|ARM.Build.0 = Debug|Any CPU
		{4C2E412B-DEBB-4BDD-A72F-AC42CCA39E96}.Debug|ARM64.ActiveCfg = Debug|Any CPU
		{4C2E412B-DEBB-4BDD-A72F-AC42CCA39E96}.Debug|ARM64.Build.0 = Debug|Any CPU
		{4C2E412B-DEBB-4BDD-A72F-AC42CCA39E96}.Debug|x64.ActiveCfg = Debug|Any CPU
		{4C2E412B-DEBB-4BDD-A72F-AC42CCA39E96}.Debug|x64.Build.0 = Debug|Any CPU
		{4C2E412B-DEBB-4BDD-A72F-AC42CCA39E96}.Debug|x86.ActiveCfg = Debug|Any CPU
		{4C2E412B-DEBB-4BDD-A72F-AC42CCA39E96}.Debug|x86.Build.0 = Debug|Any CPU
		{4C2E412B-DEBB-4BDD-A72F-AC42CCA39E96}.Release|Any CPU.ActiveCfg = Release|Any CPU
		{4C2E412B-DEBB-4BDD-A72F-AC42CCA39E96}.Release|Any CPU.Build.0 = Release|Any CPU
		{4C2E412B-DEBB-4BDD-A72F-AC42CCA39E96}.Release|ARM.ActiveCfg = Release|Any CPU
		{4C2E412B-DEBB-4BDD-A72F-AC42CCA39E96}.Release|ARM.Build.0 = Release|Any CPU
		{4C2E412B-DEBB-4BDD-A72F-AC42CCA39E96}.Release|ARM64.ActiveCfg = Release|Any CPU
		{4C2E412B-DEBB-4BDD-A72F-AC42CCA39E96}.Release|ARM64.Build.0 = Release|Any CPU
		{4C2E412B-DEBB-4BDD-A72F-AC42CCA39E96}.Release|x64.ActiveCfg = Release|Any CPU
		{4C2E412B-DEBB-4BDD-A72F-AC42CCA39E96}.Release|x64.Build.0 = Release|Any CPU
		{4C2E412B-DEBB-4BDD-A72F-AC42CCA39E96}.Release|x86.ActiveCfg = Release|Any CPU
		{4C2E412B-DEBB-4BDD-A72F-AC42CCA39E96}.Release|x86.Build.0 = Release|Any CPU
		{091A8819-F104-462A-B04F-03FB1097BA47}.Debug|Any CPU.ActiveCfg = Debug|Any CPU
		{091A8819-F104-462A-B04F-03FB1097BA47}.Debug|Any CPU.Build.0 = Debug|Any CPU
		{091A8819-F104-462A-B04F-03FB1097BA47}.Debug|ARM.ActiveCfg = Debug|Any CPU
		{091A8819-F104-462A-B04F-03FB1097BA47}.Debug|ARM.Build.0 = Debug|Any CPU
		{091A8819-F104-462A-B04F-03FB1097BA47}.Debug|ARM64.ActiveCfg = Debug|Any CPU
		{091A8819-F104-462A-B04F-03FB1097BA47}.Debug|ARM64.Build.0 = Debug|Any CPU
		{091A8819-F104-462A-B04F-03FB1097BA47}.Debug|x64.ActiveCfg = Debug|Any CPU
		{091A8819-F104-462A-B04F-03FB1097BA47}.Debug|x64.Build.0 = Debug|Any CPU
		{091A8819-F104-462A-B04F-03FB1097BA47}.Debug|x86.ActiveCfg = Debug|Any CPU
		{091A8819-F104-462A-B04F-03FB1097BA47}.Debug|x86.Build.0 = Debug|Any CPU
		{091A8819-F104-462A-B04F-03FB1097BA47}.Release|Any CPU.ActiveCfg = Release|Any CPU
		{091A8819-F104-462A-B04F-03FB1097BA47}.Release|Any CPU.Build.0 = Release|Any CPU
		{091A8819-F104-462A-B04F-03FB1097BA47}.Release|ARM.ActiveCfg = Release|Any CPU
		{091A8819-F104-462A-B04F-03FB1097BA47}.Release|ARM.Build.0 = Release|Any CPU
		{091A8819-F104-462A-B04F-03FB1097BA47}.Release|ARM64.ActiveCfg = Release|Any CPU
		{091A8819-F104-462A-B04F-03FB1097BA47}.Release|ARM64.Build.0 = Release|Any CPU
		{091A8819-F104-462A-B04F-03FB1097BA47}.Release|x64.ActiveCfg = Release|Any CPU
		{091A8819-F104-462A-B04F-03FB1097BA47}.Release|x64.Build.0 = Release|Any CPU
		{091A8819-F104-462A-B04F-03FB1097BA47}.Release|x86.ActiveCfg = Release|Any CPU
		{091A8819-F104-462A-B04F-03FB1097BA47}.Release|x86.Build.0 = Release|Any CPU
		{E3BD6F6F-B39E-4180-8182-DFE85C780BF4}.Debug|Any CPU.ActiveCfg = Debug|Any CPU
		{E3BD6F6F-B39E-4180-8182-DFE85C780BF4}.Debug|Any CPU.Build.0 = Debug|Any CPU
		{E3BD6F6F-B39E-4180-8182-DFE85C780BF4}.Debug|ARM.ActiveCfg = Debug|ARM
		{E3BD6F6F-B39E-4180-8182-DFE85C780BF4}.Debug|ARM.Build.0 = Debug|ARM
		{E3BD6F6F-B39E-4180-8182-DFE85C780BF4}.Debug|ARM64.ActiveCfg = Debug|Any CPU
		{E3BD6F6F-B39E-4180-8182-DFE85C780BF4}.Debug|ARM64.Build.0 = Debug|Any CPU
		{E3BD6F6F-B39E-4180-8182-DFE85C780BF4}.Debug|x64.ActiveCfg = Debug|x64
		{E3BD6F6F-B39E-4180-8182-DFE85C780BF4}.Debug|x64.Build.0 = Debug|x64
		{E3BD6F6F-B39E-4180-8182-DFE85C780BF4}.Debug|x86.ActiveCfg = Debug|x86
		{E3BD6F6F-B39E-4180-8182-DFE85C780BF4}.Debug|x86.Build.0 = Debug|x86
		{E3BD6F6F-B39E-4180-8182-DFE85C780BF4}.Release|Any CPU.ActiveCfg = Release|Any CPU
		{E3BD6F6F-B39E-4180-8182-DFE85C780BF4}.Release|Any CPU.Build.0 = Release|Any CPU
		{E3BD6F6F-B39E-4180-8182-DFE85C780BF4}.Release|ARM.ActiveCfg = Release|ARM
		{E3BD6F6F-B39E-4180-8182-DFE85C780BF4}.Release|ARM.Build.0 = Release|ARM
		{E3BD6F6F-B39E-4180-8182-DFE85C780BF4}.Release|ARM64.ActiveCfg = Release|Any CPU
		{E3BD6F6F-B39E-4180-8182-DFE85C780BF4}.Release|ARM64.Build.0 = Release|Any CPU
		{E3BD6F6F-B39E-4180-8182-DFE85C780BF4}.Release|x64.ActiveCfg = Release|x64
		{E3BD6F6F-B39E-4180-8182-DFE85C780BF4}.Release|x64.Build.0 = Release|x64
		{E3BD6F6F-B39E-4180-8182-DFE85C780BF4}.Release|x86.ActiveCfg = Release|x86
		{E3BD6F6F-B39E-4180-8182-DFE85C780BF4}.Release|x86.Build.0 = Release|x86
		{64D84C2C-20E6-48BA-95EB-7529D29E2184}.Debug|Any CPU.ActiveCfg = Debug|Any CPU
		{64D84C2C-20E6-48BA-95EB-7529D29E2184}.Debug|Any CPU.Build.0 = Debug|Any CPU
		{64D84C2C-20E6-48BA-95EB-7529D29E2184}.Debug|ARM.ActiveCfg = Debug|ARM
		{64D84C2C-20E6-48BA-95EB-7529D29E2184}.Debug|ARM.Build.0 = Debug|ARM
		{64D84C2C-20E6-48BA-95EB-7529D29E2184}.Debug|ARM64.ActiveCfg = Debug|ARM64
		{64D84C2C-20E6-48BA-95EB-7529D29E2184}.Debug|ARM64.Build.0 = Debug|ARM64
		{64D84C2C-20E6-48BA-95EB-7529D29E2184}.Debug|x64.ActiveCfg = Debug|x64
		{64D84C2C-20E6-48BA-95EB-7529D29E2184}.Debug|x64.Build.0 = Debug|x64
		{64D84C2C-20E6-48BA-95EB-7529D29E2184}.Debug|x86.ActiveCfg = Debug|x86
		{64D84C2C-20E6-48BA-95EB-7529D29E2184}.Debug|x86.Build.0 = Debug|x86
		{64D84C2C-20E6-48BA-95EB-7529D29E2184}.Release|Any CPU.ActiveCfg = Release|Any CPU
		{64D84C2C-20E6-48BA-95EB-7529D29E2184}.Release|Any CPU.Build.0 = Release|Any CPU
		{64D84C2C-20E6-48BA-95EB-7529D29E2184}.Release|ARM.ActiveCfg = Release|ARM
		{64D84C2C-20E6-48BA-95EB-7529D29E2184}.Release|ARM.Build.0 = Release|ARM
		{64D84C2C-20E6-48BA-95EB-7529D29E2184}.Release|ARM64.ActiveCfg = Release|ARM64
		{64D84C2C-20E6-48BA-95EB-7529D29E2184}.Release|ARM64.Build.0 = Release|ARM64
		{64D84C2C-20E6-48BA-95EB-7529D29E2184}.Release|x64.ActiveCfg = Release|x64
		{64D84C2C-20E6-48BA-95EB-7529D29E2184}.Release|x64.Build.0 = Release|x64
		{64D84C2C-20E6-48BA-95EB-7529D29E2184}.Release|x86.ActiveCfg = Release|x86
		{64D84C2C-20E6-48BA-95EB-7529D29E2184}.Release|x86.Build.0 = Release|x86
		{3D316B48-4D76-42BD-A5FA-371FB7113E95}.Debug|Any CPU.ActiveCfg = Debug|Any CPU
		{3D316B48-4D76-42BD-A5FA-371FB7113E95}.Debug|Any CPU.Build.0 = Debug|Any CPU
		{3D316B48-4D76-42BD-A5FA-371FB7113E95}.Debug|ARM.ActiveCfg = Debug|ARM
		{3D316B48-4D76-42BD-A5FA-371FB7113E95}.Debug|ARM.Build.0 = Debug|ARM
		{3D316B48-4D76-42BD-A5FA-371FB7113E95}.Debug|ARM64.ActiveCfg = Debug|ARM64
		{3D316B48-4D76-42BD-A5FA-371FB7113E95}.Debug|ARM64.Build.0 = Debug|ARM64
		{3D316B48-4D76-42BD-A5FA-371FB7113E95}.Debug|x64.ActiveCfg = Debug|x64
		{3D316B48-4D76-42BD-A5FA-371FB7113E95}.Debug|x64.Build.0 = Debug|x64
		{3D316B48-4D76-42BD-A5FA-371FB7113E95}.Debug|x86.ActiveCfg = Debug|x86
		{3D316B48-4D76-42BD-A5FA-371FB7113E95}.Debug|x86.Build.0 = Debug|x86
		{3D316B48-4D76-42BD-A5FA-371FB7113E95}.Release|Any CPU.ActiveCfg = Release|Any CPU
		{3D316B48-4D76-42BD-A5FA-371FB7113E95}.Release|Any CPU.Build.0 = Release|Any CPU
		{3D316B48-4D76-42BD-A5FA-371FB7113E95}.Release|ARM.ActiveCfg = Release|ARM
		{3D316B48-4D76-42BD-A5FA-371FB7113E95}.Release|ARM.Build.0 = Release|ARM
		{3D316B48-4D76-42BD-A5FA-371FB7113E95}.Release|ARM64.ActiveCfg = Release|ARM64
		{3D316B48-4D76-42BD-A5FA-371FB7113E95}.Release|ARM64.Build.0 = Release|ARM64
		{3D316B48-4D76-42BD-A5FA-371FB7113E95}.Release|x64.ActiveCfg = Release|x64
		{3D316B48-4D76-42BD-A5FA-371FB7113E95}.Release|x64.Build.0 = Release|x64
		{3D316B48-4D76-42BD-A5FA-371FB7113E95}.Release|x86.ActiveCfg = Release|x86
		{3D316B48-4D76-42BD-A5FA-371FB7113E95}.Release|x86.Build.0 = Release|x86
	EndGlobalSection
	GlobalSection(SolutionProperties) = preSolution
		HideSolutionNode = FALSE
	EndGlobalSection
	GlobalSection(ExtensibilityGlobals) = postSolution
		SolutionGuid = {A1A8F5DF-E8E1-411E-B082-FE23E9C6CCD8}
	EndGlobalSection
EndGlobal
